
Microsoft Visual Studio Solution File, Format Version 12.00
# Visual Studio Version 17
VisualStudioVersion = 17.3.32922.545
MinimumVisualStudioVersion = 10.0.40219.1
Project("{9A19103F-16F7-4668-BE54-9A1E7A4F7556}") = "MyAppWeb", "MyAppWeb\MyAppWeb.csproj", "{14DEB4E1-A3DF-4727-B542-9045B396F0AF}"
EndProject
Project("{FAE04EC0-301F-11D3-BF4B-00C04F79EFBC}") = "MyApp.DataAccess", "Bulkybook.DataAccess\MyApp.DataAccess.csproj", "{44AA3520-CB7C-4F30-B666-C94977382A6D}"
EndProject
Project("{FAE04EC0-301F-11D3-BF4B-00C04F79EFBC}") = "MyApp.Models", "BulkyBook.Models\MyApp.Models.csproj", "{457E0843-4A84-4F1F-A7A7-F8416F490F7F}"
EndProject
Project("{FAE04EC0-301F-11D3-BF4B-00C04F79EFBC}") = "MyApp.Utility", "BulkyBook.Utility\MyApp.Utility.csproj", "{AEEB8BBA-A3CF-40BD-A275-A0EC36EE69B0}"
EndProject
Global
	GlobalSection(SolutionConfigurationPlatforms) = preSolution
		Debug|Any CPU = Debug|Any CPU
		Release|Any CPU = Release|Any CPU
	EndGlobalSection
	GlobalSection(ProjectConfigurationPlatforms) = postSolution
		{14DEB4E1-A3DF-4727-B542-9045B396F0AF}.Debug|Any CPU.ActiveCfg = Debug|Any CPU
		{14DEB4E1-A3DF-4727-B542-9045B396F0AF}.Debug|Any CPU.Build.0 = Debug|Any CPU
		{14DEB4E1-A3DF-4727-B542-9045B396F0AF}.Release|Any CPU.ActiveCfg = Release|Any CPU
		{14DEB4E1-A3DF-4727-B542-9045B396F0AF}.Release|Any CPU.Build.0 = Release|Any CPU
		{44AA3520-CB7C-4F30-B666-C94977382A6D}.Debug|Any CPU.ActiveCfg = Debug|Any CPU
		{44AA3520-CB7C-4F30-B666-C94977382A6D}.Debug|Any CPU.Build.0 = Debug|Any CPU
		{44AA3520-CB7C-4F30-B666-C94977382A6D}.Release|Any CPU.ActiveCfg = Release|Any CPU
		{44AA3520-CB7C-4F30-B666-C94977382A6D}.Release|Any CPU.Build.0 = Release|Any CPU
		{457E0843-4A84-4F1F-A7A7-F8416F490F7F}.Debug|Any CPU.ActiveCfg = Debug|Any CPU
		{457E0843-4A84-4F1F-A7A7-F8416F490F7F}.Debug|Any CPU.Build.0 = Debug|Any CPU
		{457E0843-4A84-4F1F-A7A7-F8416F490F7F}.Release|Any CPU.ActiveCfg = Release|Any CPU
		{457E0843-4A84-4F1F-A7A7-F8416F490F7F}.Release|Any CPU.Build.0 = Release|Any CPU
		{AEEB8BBA-A3CF-40BD-A275-A0EC36EE69B0}.Debug|Any CPU.ActiveCfg = Debug|Any CPU
		{AEEB8BBA-A3CF-40BD-A275-A0EC36EE69B0}.Debug|Any CPU.Build.0 = Debug|Any CPU
		{AEEB8BBA-A3CF-40BD-A275-A0EC36EE69B0}.Release|Any CPU.ActiveCfg = Release|Any CPU
		{AEEB8BBA-A3CF-40BD-A275-A0EC36EE69B0}.Release|Any CPU.Build.0 = Release|Any CPU
	EndGlobalSection
	GlobalSection(SolutionProperties) = preSolution
		HideSolutionNode = FALSE
	EndGlobalSection
	GlobalSection(ExtensibilityGlobals) = postSolution
		SolutionGuid = {42658B6F-03DC-4A2D-A7CF-2F120D03D4DA}
	EndGlobalSection
EndGlobal
